// !$*UTF8*$!
{
	archiveVersion = 1;
	classes = {
	};
	objectVersion = 50;
	objects = {

/* Begin PBXBuildFile section */
		92127AD325AD83EB00460719 /* ActivityObserverApp.swift in Sources */ = {isa = PBXBuildFile; fileRef = 92127AD225AD83EB00460719 /* ActivityObserverApp.swift */; };
		92127AD525AD83EB00460719 /* ContentView.swift in Sources */ = {isa = PBXBuildFile; fileRef = 92127AD425AD83EB00460719 /* ContentView.swift */; };
		92127AD725AD83ED00460719 /* Assets.xcassets in Resources */ = {isa = PBXBuildFile; fileRef = 92127AD625AD83ED00460719 /* Assets.xcassets */; };
		92127ADA25AD83ED00460719 /* Preview Assets.xcassets in Resources */ = {isa = PBXBuildFile; fileRef = 92127AD925AD83ED00460719 /* Preview Assets.xcassets */; };
		92127AE425AD840600460719 /* Main.xcdatamodeld in Sources */ = {isa = PBXBuildFile; fileRef = 92127AE225AD840600460719 /* Main.xcdatamodeld */; };
		92127AE725AD887E00460719 /* DataController.swift in Sources */ = {isa = PBXBuildFile; fileRef = 92127AE625AD887E00460719 /* DataController.swift */; };
		92127AEE25ADC75F00460719 /* HomeView.swift in Sources */ = {isa = PBXBuildFile; fileRef = 92127AED25ADC75F00460719 /* HomeView.swift */; };
		922468C225B08C380089278E /* EditItemView.swift in Sources */ = {isa = PBXBuildFile; fileRef = 922468C125B08C380089278E /* EditItemView.swift */; };
		922468C525B095880089278E /* ItemRowView.swift in Sources */ = {isa = PBXBuildFile; fileRef = 922468C425B095880089278E /* ItemRowView.swift */; };
		923AF1B925AF26C70095A76E /* Item-CoreDataHelpers.swift in Sources */ = {isa = PBXBuildFile; fileRef = 923AF1B825AF26C70095A76E /* Item-CoreDataHelpers.swift */; };
		923AF1BC25AF2A150095A76E /* Project-CoreDataHepers.swift in Sources */ = {isa = PBXBuildFile; fileRef = 923AF1BB25AF2A150095A76E /* Project-CoreDataHepers.swift */; };
		928870C625B1541700FC559E /* Binding-OnChange.swift in Sources */ = {isa = PBXBuildFile; fileRef = 928870C525B1541700FC559E /* Binding-OnChange.swift */; };
		928870C925B1B9EF00FC559E /* ProjectHeaderView.swift in Sources */ = {isa = PBXBuildFile; fileRef = 928870C825B1B9EF00FC559E /* ProjectHeaderView.swift */; };
		928870CC25B1C60900FC559E /* Colors.xcassets in Resources */ = {isa = PBXBuildFile; fileRef = 928870CB25B1C60900FC559E /* Colors.xcassets */; };
		928870CF25B1D4C800FC559E /* EditProjectView.swift in Sources */ = {isa = PBXBuildFile; fileRef = 928870CE25B1D4C800FC559E /* EditProjectView.swift */; };
		92E97A7F25ADE5C200355CCF /* CloudKit.framework in Frameworks */ = {isa = PBXBuildFile; fileRef = 92E97A7E25ADE5C200355CCF /* CloudKit.framework */; };
		92E97A8225ADE6FF00355CCF /* ProjectsView.swift in Sources */ = {isa = PBXBuildFile; fileRef = 92E97A8125ADE6FF00355CCF /* ProjectsView.swift */; };
/* End PBXBuildFile section */

/* Begin PBXFileReference section */
		92127ACF25AD83EB00460719 /* ActivityObserver.app */ = {isa = PBXFileReference; explicitFileType = wrapper.application; includeInIndex = 0; path = ActivityObserver.app; sourceTree = BUILT_PRODUCTS_DIR; };
		92127AD225AD83EB00460719 /* ActivityObserverApp.swift */ = {isa = PBXFileReference; lastKnownFileType = sourcecode.swift; path = ActivityObserverApp.swift; sourceTree = "<group>"; };
		92127AD425AD83EB00460719 /* ContentView.swift */ = {isa = PBXFileReference; lastKnownFileType = sourcecode.swift; path = ContentView.swift; sourceTree = "<group>"; };
		92127AD625AD83ED00460719 /* Assets.xcassets */ = {isa = PBXFileReference; lastKnownFileType = folder.assetcatalog; path = Assets.xcassets; sourceTree = "<group>"; };
		92127AD925AD83ED00460719 /* Preview Assets.xcassets */ = {isa = PBXFileReference; lastKnownFileType = folder.assetcatalog; path = "Preview Assets.xcassets"; sourceTree = "<group>"; };
		92127ADB25AD83ED00460719 /* Info.plist */ = {isa = PBXFileReference; lastKnownFileType = text.plist.xml; path = Info.plist; sourceTree = "<group>"; };
		92127AE325AD840600460719 /* Main.xcdatamodel */ = {isa = PBXFileReference; lastKnownFileType = wrapper.xcdatamodel; path = Main.xcdatamodel; sourceTree = "<group>"; };
		92127AE625AD887E00460719 /* DataController.swift */ = {isa = PBXFileReference; lastKnownFileType = sourcecode.swift; path = DataController.swift; sourceTree = "<group>"; };
		92127AED25ADC75F00460719 /* HomeView.swift */ = {isa = PBXFileReference; lastKnownFileType = sourcecode.swift; path = HomeView.swift; sourceTree = "<group>"; };
		922468C125B08C380089278E /* EditItemView.swift */ = {isa = PBXFileReference; lastKnownFileType = sourcecode.swift; path = EditItemView.swift; sourceTree = "<group>"; };
		922468C425B095880089278E /* ItemRowView.swift */ = {isa = PBXFileReference; lastKnownFileType = sourcecode.swift; path = ItemRowView.swift; sourceTree = "<group>"; };
		923AF1B825AF26C70095A76E /* Item-CoreDataHelpers.swift */ = {isa = PBXFileReference; lastKnownFileType = sourcecode.swift; path = "Item-CoreDataHelpers.swift"; sourceTree = "<group>"; };
		923AF1BB25AF2A150095A76E /* Project-CoreDataHepers.swift */ = {isa = PBXFileReference; lastKnownFileType = sourcecode.swift; path = "Project-CoreDataHepers.swift"; sourceTree = "<group>"; };
		928870C525B1541700FC559E /* Binding-OnChange.swift */ = {isa = PBXFileReference; lastKnownFileType = sourcecode.swift; path = "Binding-OnChange.swift"; sourceTree = "<group>"; };
		928870C825B1B9EF00FC559E /* ProjectHeaderView.swift */ = {isa = PBXFileReference; lastKnownFileType = sourcecode.swift; path = ProjectHeaderView.swift; sourceTree = "<group>"; };
		928870CB25B1C60900FC559E /* Colors.xcassets */ = {isa = PBXFileReference; lastKnownFileType = folder.assetcatalog; path = Colors.xcassets; sourceTree = "<group>"; };
		928870CE25B1D4C800FC559E /* EditProjectView.swift */ = {isa = PBXFileReference; lastKnownFileType = sourcecode.swift; path = EditProjectView.swift; sourceTree = "<group>"; };
		92E97A7C25ADE56C00355CCF /* ActivityObserver.entitlements */ = {isa = PBXFileReference; lastKnownFileType = text.plist.entitlements; path = ActivityObserver.entitlements; sourceTree = "<group>"; };
		92E97A7E25ADE5C200355CCF /* CloudKit.framework */ = {isa = PBXFileReference; lastKnownFileType = wrapper.framework; name = CloudKit.framework; path = System/Library/Frameworks/CloudKit.framework; sourceTree = SDKROOT; };
		92E97A8125ADE6FF00355CCF /* ProjectsView.swift */ = {isa = PBXFileReference; lastKnownFileType = sourcecode.swift; path = ProjectsView.swift; sourceTree = "<group>"; };
/* End PBXFileReference section */

/* Begin PBXFrameworksBuildPhase section */
		92127ACC25AD83EB00460719 /* Frameworks */ = {
			isa = PBXFrameworksBuildPhase;
			buildActionMask = 2147483647;
			files = (
				92E97A7F25ADE5C200355CCF /* CloudKit.framework in Frameworks */,
			);
			runOnlyForDeploymentPostprocessing = 0;
		};
/* End PBXFrameworksBuildPhase section */

/* Begin PBXGroup section */
		9204C20725B2F8A300FBC452 /*  CoreDataHelpers */ = {
			isa = PBXGroup;
			children = (
				923AF1B825AF26C70095A76E /* Item-CoreDataHelpers.swift */,
				923AF1BB25AF2A150095A76E /* Project-CoreDataHepers.swift */,
			);
			path = " CoreDataHelpers";
			sourceTree = "<group>";
		};
		9204C20925B2F8D900FBC452 /* ItemsViews */ = {
			isa = PBXGroup;
			children = (
				922468C125B08C380089278E /* EditItemView.swift */,
				922468C425B095880089278E /* ItemRowView.swift */,
			);
			path = ItemsViews;
			sourceTree = "<group>";
		};
		9204C20B25B2F92200FBC452 /* ProjectsView */ = {
			isa = PBXGroup;
			children = (
				928870CE25B1D4C800FC559E /* EditProjectView.swift */,
				928870C825B1B9EF00FC559E /* ProjectHeaderView.swift */,
				92E97A8125ADE6FF00355CCF /* ProjectsView.swift */,
			);
			path = ProjectsView;
			sourceTree = "<group>";
		};
		9204C20E25B2FA5300FBC452 /* Helpers */ = {
			isa = PBXGroup;
			children = (
				928870C525B1541700FC559E /* Binding-OnChange.swift */,
				92127AE625AD887E00460719 /* DataController.swift */,
			);
			path = Helpers;
			sourceTree = "<group>";
		};
		92127AC625AD83EB00460719 = {
			isa = PBXGroup;
			children = (
				92127AD125AD83EB00460719 /* ActivityObserver */,
				92127AD025AD83EB00460719 /* Products */,
				92E97A7D25ADE5C200355CCF /* Frameworks */,
			);
			sourceTree = "<group>";
		};
		92127AD025AD83EB00460719 /* Products */ = {
			isa = PBXGroup;
			children = (
				92127ACF25AD83EB00460719 /* ActivityObserver.app */,
			);
			name = Products;
			sourceTree = "<group>";
		};
		92127AD125AD83EB00460719 /* ActivityObserver */ = {
			isa = PBXGroup;
			children = (
				92E97A7C25ADE56C00355CCF /* ActivityObserver.entitlements */,
				9204C20925B2F8D900FBC452 /* ItemsViews */,
				9204C20725B2F8A300FBC452 /*  CoreDataHelpers */,
				9204C20B25B2F92200FBC452 /* ProjectsView */,
				9204C20E25B2FA5300FBC452 /* Helpers */,
				92127AD225AD83EB00460719 /* ActivityObserverApp.swift */,
				92127AD425AD83EB00460719 /* ContentView.swift */,
				92127AED25ADC75F00460719 /* HomeView.swift */,
				928870CB25B1C60900FC559E /* Colors.xcassets */,
				92127AD625AD83ED00460719 /* Assets.xcassets */,
				92127ADB25AD83ED00460719 /* Info.plist */,
				92127AD825AD83ED00460719 /* Preview Content */,
				92127AE225AD840600460719 /* Main.xcdatamodeld */,
			);
			path = ActivityObserver;
			sourceTree = "<group>";
		};
		92127AD825AD83ED00460719 /* Preview Content */ = {
			isa = PBXGroup;
			children = (
				92127AD925AD83ED00460719 /* Preview Assets.xcassets */,
			);
			path = "Preview Content";
			sourceTree = "<group>";
		};
		92E97A7D25ADE5C200355CCF /* Frameworks */ = {
			isa = PBXGroup;
			children = (
				92E97A7E25ADE5C200355CCF /* CloudKit.framework */,
			);
			name = Frameworks;
			sourceTree = "<group>";
		};
/* End PBXGroup section */

/* Begin PBXNativeTarget section */
		92127ACE25AD83EB00460719 /* ActivityObserver */ = {
			isa = PBXNativeTarget;
			buildConfigurationList = 92127ADE25AD83ED00460719 /* Build configuration list for PBXNativeTarget "ActivityObserver" */;
			buildPhases = (
				92127ACB25AD83EB00460719 /* Sources */,
				92127ACC25AD83EB00460719 /* Frameworks */,
				92127ACD25AD83EB00460719 /* Resources */,
			);
			buildRules = (
			);
			dependencies = (
			);
			name = ActivityObserver;
			productName = ActivityObserver;
			productReference = 92127ACF25AD83EB00460719 /* ActivityObserver.app */;
			productType = "com.apple.product-type.application";
		};
/* End PBXNativeTarget section */

/* Begin PBXProject section */
		92127AC725AD83EB00460719 /* Project object */ = {
			isa = PBXProject;
			attributes = {
				LastSwiftUpdateCheck = 1230;
				LastUpgradeCheck = 1230;
				TargetAttributes = {
					92127ACE25AD83EB00460719 = {
						CreatedOnToolsVersion = 12.3;
					};
				};
			};
			buildConfigurationList = 92127ACA25AD83EB00460719 /* Build configuration list for PBXProject "ActivityObserver" */;
			compatibilityVersion = "Xcode 9.3";
			developmentRegion = en;
			hasScannedForEncodings = 0;
			knownRegions = (
				en,
				Base,
			);
			mainGroup = 92127AC625AD83EB00460719;
			productRefGroup = 92127AD025AD83EB00460719 /* Products */;
			projectDirPath = "";
			projectRoot = "";
			targets = (
				92127ACE25AD83EB00460719 /* ActivityObserver */,
			);
		};
/* End PBXProject section */

/* Begin PBXResourcesBuildPhase section */
		92127ACD25AD83EB00460719 /* Resources */ = {
			isa = PBXResourcesBuildPhase;
			buildActionMask = 2147483647;
			files = (
				928870CC25B1C60900FC559E /* Colors.xcassets in Resources */,
				92127ADA25AD83ED00460719 /* Preview Assets.xcassets in Resources */,
				92127AD725AD83ED00460719 /* Assets.xcassets in Resources */,
			);
			runOnlyForDeploymentPostprocessing = 0;
		};
/* End PBXResourcesBuildPhase section */

/* Begin PBXSourcesBuildPhase section */
		92127ACB25AD83EB00460719 /* Sources */ = {
			isa = PBXSourcesBuildPhase;
			buildActionMask = 2147483647;
			files = (
				92E97A8225ADE6FF00355CCF /* ProjectsView.swift in Sources */,
				928870C925B1B9EF00FC559E /* ProjectHeaderView.swift in Sources */,
				92127AE425AD840600460719 /* Main.xcdatamodeld in Sources */,
				92127AE725AD887E00460719 /* DataController.swift in Sources */,
				928870CF25B1D4C800FC559E /* EditProjectView.swift in Sources */,
				923AF1BC25AF2A150095A76E /* Project-CoreDataHepers.swift in Sources */,
				922468C525B095880089278E /* ItemRowView.swift in Sources */,
				92127AD525AD83EB00460719 /* ContentView.swift in Sources */,
				928870C625B1541700FC559E /* Binding-OnChange.swift in Sources */,
				92127AEE25ADC75F00460719 /* HomeView.swift in Sources */,
				92127AD325AD83EB00460719 /* ActivityObserverApp.swift in Sources */,
				923AF1B925AF26C70095A76E /* Item-CoreDataHelpers.swift in Sources */,
				922468C225B08C380089278E /* EditItemView.swift in Sources */,
			);
			runOnlyForDeploymentPostprocessing = 0;
		};
/* End PBXSourcesBuildPhase section */

/* Begin XCBuildConfiguration section */
		92127ADC25AD83ED00460719 /* Debug */ = {
			isa = XCBuildConfiguration;
			buildSettings = {
				ALWAYS_SEARCH_USER_PATHS = NO;
				CLANG_ANALYZER_NONNULL = YES;
				CLANG_ANALYZER_NUMBER_OBJECT_CONVERSION = YES_AGGRESSIVE;
				CLANG_CXX_LANGUAGE_STANDARD = "gnu++14";
				CLANG_CXX_LIBRARY = "libc++";
				CLANG_ENABLE_MODULES = YES;
				CLANG_ENABLE_OBJC_ARC = YES;
				CLANG_ENABLE_OBJC_WEAK = YES;
				CLANG_WARN_BLOCK_CAPTURE_AUTORELEASING = YES;
				CLANG_WARN_BOOL_CONVERSION = YES;
				CLANG_WARN_COMMA = YES;
				CLANG_WARN_CONSTANT_CONVERSION = YES;
				CLANG_WARN_DEPRECATED_OBJC_IMPLEMENTATIONS = YES;
				CLANG_WARN_DIRECT_OBJC_ISA_USAGE = YES_ERROR;
				CLANG_WARN_DOCUMENTATION_COMMENTS = YES;
				CLANG_WARN_EMPTY_BODY = YES;
				CLANG_WARN_ENUM_CONVERSION = YES;
				CLANG_WARN_INFINITE_RECURSION = YES;
				CLANG_WARN_INT_CONVERSION = YES;
				CLANG_WARN_NON_LITERAL_NULL_CONVERSION = YES;
				CLANG_WARN_OBJC_IMPLICIT_RETAIN_SELF = YES;
				CLANG_WARN_OBJC_LITERAL_CONVERSION = YES;
				CLANG_WARN_OBJC_ROOT_CLASS = YES_ERROR;
				CLANG_WARN_QUOTED_INCLUDE_IN_FRAMEWORK_HEADER = YES;
				CLANG_WARN_RANGE_LOOP_ANALYSIS = YES;
				CLANG_WARN_STRICT_PROTOTYPES = YES;
				CLANG_WARN_SUSPICIOUS_MOVE = YES;
				CLANG_WARN_UNGUARDED_AVAILABILITY = YES_AGGRESSIVE;
				CLANG_WARN_UNREACHABLE_CODE = YES;
				CLANG_WARN__DUPLICATE_METHOD_MATCH = YES;
				COPY_PHASE_STRIP = NO;
				DEBUG_INFORMATION_FORMAT = dwarf;
				ENABLE_STRICT_OBJC_MSGSEND = YES;
				ENABLE_TESTABILITY = YES;
				GCC_C_LANGUAGE_STANDARD = gnu11;
				GCC_DYNAMIC_NO_PIC = NO;
				GCC_NO_COMMON_BLOCKS = YES;
				GCC_OPTIMIZATION_LEVEL = 0;
				GCC_PREPROCESSOR_DEFINITIONS = (
					"DEBUG=1",
					"$(inherited)",
				);
				GCC_WARN_64_TO_32_BIT_CONVERSION = YES;
				GCC_WARN_ABOUT_RETURN_TYPE = YES_ERROR;
				GCC_WARN_UNDECLARED_SELECTOR = YES;
				GCC_WARN_UNINITIALIZED_AUTOS = YES_AGGRESSIVE;
				GCC_WARN_UNUSED_FUNCTION = YES;
				GCC_WARN_UNUSED_VARIABLE = YES;
				IPHONEOS_DEPLOYMENT_TARGET = 14.3;
				MTL_ENABLE_DEBUG_INFO = INCLUDE_SOURCE;
				MTL_FAST_MATH = YES;
				ONLY_ACTIVE_ARCH = YES;
				SDKROOT = iphoneos;
				SWIFT_ACTIVE_COMPILATION_CONDITIONS = DEBUG;
				SWIFT_OPTIMIZATION_LEVEL = "-Onone";
			};
			name = Debug;
		};
		92127ADD25AD83ED00460719 /* Release */ = {
			isa = XCBuildConfiguration;
			buildSettings = {
				ALWAYS_SEARCH_USER_PATHS = NO;
				CLANG_ANALYZER_NONNULL = YES;
				CLANG_ANALYZER_NUMBER_OBJECT_CONVERSION = YES_AGGRESSIVE;
				CLANG_CXX_LANGUAGE_STANDARD = "gnu++14";
				CLANG_CXX_LIBRARY = "libc++";
				CLANG_ENABLE_MODULES = YES;
				CLANG_ENABLE_OBJC_ARC = YES;
				CLANG_ENABLE_OBJC_WEAK = YES;
				CLANG_WARN_BLOCK_CAPTURE_AUTORELEASING = YES;
				CLANG_WARN_BOOL_CONVERSION = YES;
				CLANG_WARN_COMMA = YES;
				CLANG_WARN_CONSTANT_CONVERSION = YES;
				CLANG_WARN_DEPRECATED_OBJC_IMPLEMENTATIONS = YES;
				CLANG_WARN_DIRECT_OBJC_ISA_USAGE = YES_ERROR;
				CLANG_WARN_DOCUMENTATION_COMMENTS = YES;
				CLANG_WARN_EMPTY_BODY = YES;
				CLANG_WARN_ENUM_CONVERSION = YES;
				CLANG_WARN_INFINITE_RECURSION = YES;
				CLANG_WARN_INT_CONVERSION = YES;
				CLANG_WARN_NON_LITERAL_NULL_CONVERSION = YES;
				CLANG_WARN_OBJC_IMPLICIT_RETAIN_SELF = YES;
				CLANG_WARN_OBJC_LITERAL_CONVERSION = YES;
				CLANG_WARN_OBJC_ROOT_CLASS = YES_ERROR;
				CLANG_WARN_QUOTED_INCLUDE_IN_FRAMEWORK_HEADER = YES;
				CLANG_WARN_RANGE_LOOP_ANALYSIS = YES;
				CLANG_WARN_STRICT_PROTOTYPES = YES;
				CLANG_WARN_SUSPICIOUS_MOVE = YES;
				CLANG_WARN_UNGUARDED_AVAILABILITY = YES_AGGRESSIVE;
				CLANG_WARN_UNREACHABLE_CODE = YES;
				CLANG_WARN__DUPLICATE_METHOD_MATCH = YES;
				COPY_PHASE_STRIP = NO;
				DEBUG_INFORMATION_FORMAT = "dwarf-with-dsym";
				ENABLE_NS_ASSERTIONS = NO;
				ENABLE_STRICT_OBJC_MSGSEND = YES;
				GCC_C_LANGUAGE_STANDARD = gnu11;
				GCC_NO_COMMON_BLOCKS = YES;
				GCC_WARN_64_TO_32_BIT_CONVERSION = YES;
				GCC_WARN_ABOUT_RETURN_TYPE = YES_ERROR;
				GCC_WARN_UNDECLARED_SELECTOR = YES;
				GCC_WARN_UNINITIALIZED_AUTOS = YES_AGGRESSIVE;
				GCC_WARN_UNUSED_FUNCTION = YES;
				GCC_WARN_UNUSED_VARIABLE = YES;
				IPHONEOS_DEPLOYMENT_TARGET = 14.3;
				MTL_ENABLE_DEBUG_INFO = NO;
				MTL_FAST_MATH = YES;
				SDKROOT = iphoneos;
				SWIFT_COMPILATION_MODE = wholemodule;
				SWIFT_OPTIMIZATION_LEVEL = "-O";
				VALIDATE_PRODUCT = YES;
			};
			name = Release;
		};
		92127ADF25AD83ED00460719 /* Debug */ = {
			isa = XCBuildConfiguration;
			buildSettings = {
				ASSETCATALOG_COMPILER_APPICON_NAME = AppIcon;
				ASSETCATALOG_COMPILER_GLOBAL_ACCENT_COLOR_NAME = AccentColor;
				CODE_SIGN_ENTITLEMENTS = ActivityObserver/ActivityObserver.entitlements;
				CODE_SIGN_STYLE = Automatic;
				DEVELOPMENT_ASSET_PATHS = "\"ActivityObserver/Preview Content\"";
				DEVELOPMENT_TEAM = VV3HM9845R;
				ENABLE_PREVIEWS = YES;
				INFOPLIST_FILE = ActivityObserver/Info.plist;
				IPHONEOS_DEPLOYMENT_TARGET = 14.0;
				LD_RUNPATH_SEARCH_PATHS = (
					"$(inherited)",
					"@executable_path/Frameworks",
				);
				PRODUCT_BUNDLE_IDENTIFIER = Denis.ActivityObserver;
				PRODUCT_NAME = "$(TARGET_NAME)";
				SWIFT_VERSION = 5.0;
				TARGETED_DEVICE_FAMILY = "1,2";
			};
			name = Debug;
		};
		92127AE025AD83ED00460719 /* Release */ = {
			isa = XCBuildConfiguration;
			buildSettings = {
				ASSETCATALOG_COMPILER_APPICON_NAME = AppIcon;
				ASSETCATALOG_COMPILER_GLOBAL_ACCENT_COLOR_NAME = AccentColor;
				CODE_SIGN_ENTITLEMENTS = ActivityObserver/ActivityObserver.entitlements;
				CODE_SIGN_STYLE = Automatic;
				DEVELOPMENT_ASSET_PATHS = "\"ActivityObserver/Preview Content\"";
				DEVELOPMENT_TEAM = VV3HM9845R;
				ENABLE_PREVIEWS = YES;
				INFOPLIST_FILE = ActivityObserver/Info.plist;
				IPHONEOS_DEPLOYMENT_TARGET = 14.0;
				LD_RUNPATH_SEARCH_PATHS = (
					"$(inherited)",
					"@executable_path/Frameworks",
				);
				PRODUCT_BUNDLE_IDENTIFIER = Denis.ActivityObserver;
				PRODUCT_NAME = "$(TARGET_NAME)";
				SWIFT_VERSION = 5.0;
				TARGETED_DEVICE_FAMILY = "1,2";
			};
			name = Release;
		};
/* End XCBuildConfiguration section */

/* Begin XCConfigurationList section */
		92127ACA25AD83EB00460719 /* Build configuration list for PBXProject "ActivityObserver" */ = {
			isa = XCConfigurationList;
			buildConfigurations = (
				92127ADC25AD83ED00460719 /* Debug */,
				92127ADD25AD83ED00460719 /* Release */,
			);
			defaultConfigurationIsVisible = 0;
			defaultConfigurationName = Release;
		};
		92127ADE25AD83ED00460719 /* Build configuration list for PBXNativeTarget "ActivityObserver" */ = {
			isa = XCConfigurationList;
			buildConfigurations = (
				92127ADF25AD83ED00460719 /* Debug */,
				92127AE025AD83ED00460719 /* Release */,
			);
			defaultConfigurationIsVisible = 0;
			defaultConfigurationName = Release;
		};
/* End XCConfigurationList section */

/* Begin XCVersionGroup section */
		92127AE225AD840600460719 /* Main.xcdatamodeld */ = {
			isa = XCVersionGroup;
			children = (
				92127AE325AD840600460719 /* Main.xcdatamodel */,
			);
			currentVersion = 92127AE325AD840600460719 /* Main.xcdatamodel */;
			path = Main.xcdatamodeld;
			sourceTree = "<group>";
			versionGroupType = wrapper.xcdatamodel;
		};
/* End XCVersionGroup section */
	};
	rootObject = 92127AC725AD83EB00460719 /* Project object */;
}
